
Microsoft Visual Studio Solution File, Format Version 12.00
# Visual Studio Express 2012 for Windows Desktop
Project("{FAE04EC0-301F-11D3-BF4B-00C04F79EFBC}") = "HOP", "HOP.csproj", "{7450E088-C8BD-48C2-BD41-BAB568073D13}"
EndProject
Project("{FAE04EC0-301F-11D3-BF4B-00C04F79EFBC}") = "NameEncoderTest", "NameEncoderTest\NameEncoderTest.csproj", "{0B73180C-D770-45D1-AEC1-0838F1BDF355}"
EndProject
Project("{FAE04EC0-301F-11D3-BF4B-00C04F79EFBC}") = "DropBoxStorageTest", "DropBoxStorageTest\DropBoxStorageTest.csproj", "{9EFFD68B-E45D-455D-9CA0-AC49073D87CD}"
EndProject
Global
	GlobalSection(SolutionConfigurationPlatforms) = preSolution
		Debug|Any CPU = Debug|Any CPU
		Release|Any CPU = Release|Any CPU
	EndGlobalSection
	GlobalSection(ProjectConfigurationPlatforms) = postSolution
		{7450E088-C8BD-48C2-BD41-BAB568073D13}.Debug|Any CPU.ActiveCfg = Debug|Any CPU
		{7450E088-C8BD-48C2-BD41-BAB568073D13}.Debug|Any CPU.Build.0 = Debug|Any CPU
		{7450E088-C8BD-48C2-BD41-BAB568073D13}.Release|Any CPU.ActiveCfg = Release|Any CPU
		{7450E088-C8BD-48C2-BD41-BAB568073D13}.Release|Any CPU.Build.0 = Release|Any CPU
		{0B73180C-D770-45D1-AEC1-0838F1BDF355}.Debug|Any CPU.ActiveCfg = Debug|Any CPU
		{0B73180C-D770-45D1-AEC1-0838F1BDF355}.Debug|Any CPU.Build.0 = Debug|Any CPU
		{0B73180C-D770-45D1-AEC1-0838F1BDF355}.Release|Any CPU.ActiveCfg = Release|Any CPU
		{0B73180C-D770-45D1-AEC1-0838F1BDF355}.Release|Any CPU.Build.0 = Release|Any CPU
		{9EFFD68B-E45D-455D-9CA0-AC49073D87CD}.Debug|Any CPU.ActiveCfg = Debug|Any CPU
		{9EFFD68B-E45D-455D-9CA0-AC49073D87CD}.Debug|Any CPU.Build.0 = Debug|Any CPU
		{9EFFD68B-E45D-455D-9CA0-AC49073D87CD}.Release|Any CPU.ActiveCfg = Release|Any CPU
		{9EFFD68B-E45D-455D-9CA0-AC49073D87CD}.Release|Any CPU.Build.0 = Release|Any CPU
	EndGlobalSection
	GlobalSection(SolutionProperties) = preSolution
		HideSolutionNode = FALSE
	EndGlobalSection
EndGlobal
