
Microsoft Visual Studio Solution File, Format Version 12.00
# Visual Studio Express 2012 for Windows Desktop
Project("{FAE04EC0-301F-11D3-BF4B-00C04F79EFBC}") = "TwoFishKeyGenerator", "TwoFishKeyGenerator.csproj", "{FEA5657B-9A55-4697-8FCE-5A16549B2FAD}"
EndProject
Global
	GlobalSection(SolutionConfigurationPlatforms) = preSolution
		Debug|Any CPU = Debug|Any CPU
		Release|Any CPU = Release|Any CPU
	EndGlobalSection
	GlobalSection(ProjectConfigurationPlatforms) = postSolution
		{FEA5657B-9A55-4697-8FCE-5A16549B2FAD}.Debug|Any CPU.ActiveCfg = Debug|Any CPU
		{FEA5657B-9A55-4697-8FCE-5A16549B2FAD}.Debug|Any CPU.Build.0 = Debug|Any CPU
		{FEA5657B-9A55-4697-8FCE-5A16549B2FAD}.Release|Any CPU.ActiveCfg = Release|Any CPU
		{FEA5657B-9A55-4697-8FCE-5A16549B2FAD}.Release|Any CPU.Build.0 = Release|Any CPU
	EndGlobalSection
	GlobalSection(SolutionProperties) = preSolution
		HideSolutionNode = FALSE
	EndGlobalSection
EndGlobal
